
Microsoft Visual Studio Solution File, Format Version 12.00
# Visual Studio Version 17
VisualStudioVersion = 17.4.33103.184
MinimumVisualStudioVersion = 10.0.40219.1
Project("{9A19103F-16F7-4668-BE54-9A1E7A4F7556}") = "RocketMan.HotelsWebAPI", "RocketMan.HotelsWebAPI.csproj", "{99129582-24D6-4A0F-92FE-1ECBE0BD1D57}"
EndProject
Global
	GlobalSection(SolutionConfigurationPlatforms) = preSolution
		Debug|Any CPU = Debug|Any CPU
		Release|Any CPU = Release|Any CPU
	EndGlobalSection
	GlobalSection(ProjectConfigurationPlatforms) = postSolution
		{99129582-24D6-4A0F-92FE-1ECBE0BD1D57}.Debug|Any CPU.ActiveCfg = Debug|Any CPU
		{99129582-24D6-4A0F-92FE-1ECBE0BD1D57}.Debug|Any CPU.Build.0 = Debug|Any CPU
		{99129582-24D6-4A0F-92FE-1ECBE0BD1D57}.Release|Any CPU.ActiveCfg = Release|Any CPU
		{99129582-24D6-4A0F-92FE-1ECBE0BD1D57}.Release|Any CPU.Build.0 = Release|Any CPU
	EndGlobalSection
	GlobalSection(SolutionProperties) = preSolution
		HideSolutionNode = FALSE
	EndGlobalSection
	GlobalSection(ExtensibilityGlobals) = postSolution
		SolutionGuid = {628AA27C-0602-46F8-9874-0010306DE384}
	EndGlobalSection
EndGlobal
